
Microsoft Visual Studio Solution File, Format Version 10.00
# Visual C# Express 2008
Project("{FAE04EC0-301F-11D3-BF4B-00C04F79EFBC}") = "dbf", "dbf.csproj", "{D232F196-92B6-4571-83BD-02F7158716AB}"
EndProject
Project("{FAE04EC0-301F-11D3-BF4B-00C04F79EFBC}") = "console", "console\console.csproj", "{94423D65-DE64-41DD-AD14-7647E790A877}"
EndProject
Global
	GlobalSection(SolutionConfigurationPlatforms) = preSolution
		Debug|Any CPU = Debug|Any CPU
		Release|Any CPU = Release|Any CPU
	EndGlobalSection
	GlobalSection(ProjectConfigurationPlatforms) = postSolution
		{D232F196-92B6-4571-83BD-02F7158716AB}.Debug|Any CPU.ActiveCfg = Debug|Any CPU
		{D232F196-92B6-4571-83BD-02F7158716AB}.Debug|Any CPU.Build.0 = Debug|Any CPU
		{D232F196-92B6-4571-83BD-02F7158716AB}.Release|Any CPU.ActiveCfg = Release|Any CPU
		{D232F196-92B6-4571-83BD-02F7158716AB}.Release|Any CPU.Build.0 = Release|Any CPU
		{94423D65-DE64-41DD-AD14-7647E790A877}.Debug|Any CPU.ActiveCfg = Debug|Any CPU
		{94423D65-DE64-41DD-AD14-7647E790A877}.Debug|Any CPU.Build.0 = Debug|Any CPU
		{94423D65-DE64-41DD-AD14-7647E790A877}.Release|Any CPU.ActiveCfg = Release|Any CPU
		{94423D65-DE64-41DD-AD14-7647E790A877}.Release|Any CPU.Build.0 = Release|Any CPU
	EndGlobalSection
	GlobalSection(SolutionProperties) = preSolution
		HideSolutionNode = FALSE
	EndGlobalSection
EndGlobal
